// !$*UTF8*$!
{
	archiveVersion = 1;
	classes = {
	};
	objectVersion = 50;
	objects = {

/* Begin PBXBuildFile section */
		F79F47DA22ADF05A00414588 /* AppDelegate.swift in Sources */ = {isa = PBXBuildFile; fileRef = F79F47D922ADF05A00414588 /* AppDelegate.swift */; };
		F79F47DC22ADF05A00414588 /* ViewController.swift in Sources */ = {isa = PBXBuildFile; fileRef = F79F47DB22ADF05A00414588 /* ViewController.swift */; };
		F79F47DF22ADF05A00414588 /* Main.storyboard in Resources */ = {isa = PBXBuildFile; fileRef = F79F47DD22ADF05A00414588 /* Main.storyboard */; };
		F79F47E122ADF05D00414588 /* Assets.xcassets in Resources */ = {isa = PBXBuildFile; fileRef = F79F47E022ADF05D00414588 /* Assets.xcassets */; };
		F79F47E422ADF05D00414588 /* LaunchScreen.storyboard in Resources */ = {isa = PBXBuildFile; fileRef = F79F47E222ADF05D00414588 /* LaunchScreen.storyboard */; };
		F79F47EF22ADF05D00414588 /* jeopardyTesterTests.swift in Sources */ = {isa = PBXBuildFile; fileRef = F79F47EE22ADF05D00414588 /* jeopardyTesterTests.swift */; };
		F79F47FA22ADF05D00414588 /* jeopardyTesterUITests.swift in Sources */ = {isa = PBXBuildFile; fileRef = F79F47F922ADF05D00414588 /* jeopardyTesterUITests.swift */; };
		F79F480822AF45D300414588 /* temp.json in Resources */ = {isa = PBXBuildFile; fileRef = F79F480722AF45D300414588 /* temp.json */; };
		F7A18D7522B5F26A00803752 /* fullJeopardyHistory.json in Resources */ = {isa = PBXBuildFile; fileRef = F7A18D7422B5F26A00803752 /* fullJeopardyHistory.json */; };
/* End PBXBuildFile section */

/* Begin PBXContainerItemProxy section */
		F79F47EB22ADF05D00414588 /* PBXContainerItemProxy */ = {
			isa = PBXContainerItemProxy;
			containerPortal = F79F47CE22ADF05A00414588 /* Project object */;
			proxyType = 1;
			remoteGlobalIDString = F79F47D522ADF05A00414588;
			remoteInfo = jeopardyTester;
		};
		F79F47F622ADF05D00414588 /* PBXContainerItemProxy */ = {
			isa = PBXContainerItemProxy;
			containerPortal = F79F47CE22ADF05A00414588 /* Project object */;
			proxyType = 1;
			remoteGlobalIDString = F79F47D522ADF05A00414588;
			remoteInfo = jeopardyTester;
		};
/* End PBXContainerItemProxy section */

/* Begin PBXFileReference section */
		F79F47D622ADF05A00414588 /* jeopardyTester.app */ = {isa = PBXFileReference; explicitFileType = wrapper.application; includeInIndex = 0; path = jeopardyTester.app; sourceTree = BUILT_PRODUCTS_DIR; };
		F79F47D922ADF05A00414588 /* AppDelegate.swift */ = {isa = PBXFileReference; lastKnownFileType = sourcecode.swift; path = AppDelegate.swift; sourceTree = "<group>"; };
		F79F47DB22ADF05A00414588 /* ViewController.swift */ = {isa = PBXFileReference; lastKnownFileType = sourcecode.swift; path = ViewController.swift; sourceTree = "<group>"; };
		F79F47DE22ADF05A00414588 /* Base */ = {isa = PBXFileReference; lastKnownFileType = file.storyboard; name = Base; path = Base.lproj/Main.storyboard; sourceTree = "<group>"; };
		F79F47E022ADF05D00414588 /* Assets.xcassets */ = {isa = PBXFileReference; lastKnownFileType = folder.assetcatalog; path = Assets.xcassets; sourceTree = "<group>"; };
		F79F47E322ADF05D00414588 /* Base */ = {isa = PBXFileReference; lastKnownFileType = file.storyboard; name = Base; path = Base.lproj/LaunchScreen.storyboard; sourceTree = "<group>"; };
		F79F47E522ADF05D00414588 /* Info.plist */ = {isa = PBXFileReference; lastKnownFileType = text.plist.xml; path = Info.plist; sourceTree = "<group>"; };
		F79F47EA22ADF05D00414588 /* jeopardyTesterTests.xctest */ = {isa = PBXFileReference; explicitFileType = wrapper.cfbundle; includeInIndex = 0; path = jeopardyTesterTests.xctest; sourceTree = BUILT_PRODUCTS_DIR; };
		F79F47EE22ADF05D00414588 /* jeopardyTesterTests.swift */ = {isa = PBXFileReference; lastKnownFileType = sourcecode.swift; path = jeopardyTesterTests.swift; sourceTree = "<group>"; };
		F79F47F022ADF05D00414588 /* Info.plist */ = {isa = PBXFileReference; lastKnownFileType = text.plist.xml; path = Info.plist; sourceTree = "<group>"; };
		F79F47F522ADF05D00414588 /* jeopardyTesterUITests.xctest */ = {isa = PBXFileReference; explicitFileType = wrapper.cfbundle; includeInIndex = 0; path = jeopardyTesterUITests.xctest; sourceTree = BUILT_PRODUCTS_DIR; };
		F79F47F922ADF05D00414588 /* jeopardyTesterUITests.swift */ = {isa = PBXFileReference; lastKnownFileType = sourcecode.swift; path = jeopardyTesterUITests.swift; sourceTree = "<group>"; };
		F79F47FB22ADF05D00414588 /* Info.plist */ = {isa = PBXFileReference; lastKnownFileType = text.plist.xml; path = Info.plist; sourceTree = "<group>"; };
		F79F480722AF45D300414588 /* temp.json */ = {isa = PBXFileReference; fileEncoding = 4; lastKnownFileType = text.json; path = temp.json; sourceTree = "<group>"; };
		F7A18D7422B5F26A00803752 /* fullJeopardyHistory.json */ = {isa = PBXFileReference; fileEncoding = 4; lastKnownFileType = text.json; path = fullJeopardyHistory.json; sourceTree = "<group>"; };
/* End PBXFileReference section */

/* Begin PBXFrameworksBuildPhase section */
		F79F47D322ADF05A00414588 /* Frameworks */ = {
			isa = PBXFrameworksBuildPhase;
			buildActionMask = 2147483647;
			files = (
			);
			runOnlyForDeploymentPostprocessing = 0;
		};
		F79F47E722ADF05D00414588 /* Frameworks */ = {
			isa = PBXFrameworksBuildPhase;
			buildActionMask = 2147483647;
			files = (
			);
			runOnlyForDeploymentPostprocessing = 0;
		};
		F79F47F222ADF05D00414588 /* Frameworks */ = {
			isa = PBXFrameworksBuildPhase;
			buildActionMask = 2147483647;
			files = (
			);
			runOnlyForDeploymentPostprocessing = 0;
		};
/* End PBXFrameworksBuildPhase section */

/* Begin PBXGroup section */
		F79F47CD22ADF05A00414588 = {
			isa = PBXGroup;
			children = (
				F79F47D822ADF05A00414588 /* jeopardyTester */,
				F79F47ED22ADF05D00414588 /* jeopardyTesterTests */,
				F79F47F822ADF05D00414588 /* jeopardyTesterUITests */,
				F79F47D722ADF05A00414588 /* Products */,
			);
			sourceTree = "<group>";
		};
		F79F47D722ADF05A00414588 /* Products */ = {
			isa = PBXGroup;
			children = (
				F79F47D622ADF05A00414588 /* jeopardyTester.app */,
				F79F47EA22ADF05D00414588 /* jeopardyTesterTests.xctest */,
				F79F47F522ADF05D00414588 /* jeopardyTesterUITests.xctest */,
			);
			name = Products;
			sourceTree = "<group>";
		};
		F79F47D822ADF05A00414588 /* jeopardyTester */ = {
			isa = PBXGroup;
			children = (
				F7A18D7422B5F26A00803752 /* fullJeopardyHistory.json */,
				F79F480722AF45D300414588 /* temp.json */,
				F79F47D922ADF05A00414588 /* AppDelegate.swift */,
				F79F47DB22ADF05A00414588 /* ViewController.swift */,
				F79F47DD22ADF05A00414588 /* Main.storyboard */,
				F79F47E022ADF05D00414588 /* Assets.xcassets */,
				F79F47E222ADF05D00414588 /* LaunchScreen.storyboard */,
				F79F47E522ADF05D00414588 /* Info.plist */,
			);
			path = jeopardyTester;
			sourceTree = "<group>";
		};
		F79F47ED22ADF05D00414588 /* jeopardyTesterTests */ = {
			isa = PBXGroup;
			children = (
				F79F47EE22ADF05D00414588 /* jeopardyTesterTests.swift */,
				F79F47F022ADF05D00414588 /* Info.plist */,
			);
			path = jeopardyTesterTests;
			sourceTree = "<group>";
		};
		F79F47F822ADF05D00414588 /* jeopardyTesterUITests */ = {
			isa = PBXGroup;
			children = (
				F79F47F922ADF05D00414588 /* jeopardyTesterUITests.swift */,
				F79F47FB22ADF05D00414588 /* Info.plist */,
			);
			path = jeopardyTesterUITests;
			sourceTree = "<group>";
		};
/* End PBXGroup section */

/* Begin PBXNativeTarget section */
		F79F47D522ADF05A00414588 /* jeopardyTester */ = {
			isa = PBXNativeTarget;
			buildConfigurationList = F79F47FE22ADF05D00414588 /* Build configuration list for PBXNativeTarget "jeopardyTester" */;
			buildPhases = (
				F79F47D222ADF05A00414588 /* Sources */,
				F79F47D322ADF05A00414588 /* Frameworks */,
				F79F47D422ADF05A00414588 /* Resources */,
			);
			buildRules = (
			);
			dependencies = (
			);
			name = jeopardyTester;
			productName = jeopardyTester;
			productReference = F79F47D622ADF05A00414588 /* jeopardyTester.app */;
			productType = "com.apple.product-type.application";
		};
		F79F47E922ADF05D00414588 /* jeopardyTesterTests */ = {
			isa = PBXNativeTarget;
			buildConfigurationList = F79F480122ADF05D00414588 /* Build configuration list for PBXNativeTarget "jeopardyTesterTests" */;
			buildPhases = (
				F79F47E622ADF05D00414588 /* Sources */,
				F79F47E722ADF05D00414588 /* Frameworks */,
				F79F47E822ADF05D00414588 /* Resources */,
			);
			buildRules = (
			);
			dependencies = (
				F79F47EC22ADF05D00414588 /* PBXTargetDependency */,
			);
			name = jeopardyTesterTests;
			productName = jeopardyTesterTests;
			productReference = F79F47EA22ADF05D00414588 /* jeopardyTesterTests.xctest */;
			productType = "com.apple.product-type.bundle.unit-test";
		};
		F79F47F422ADF05D00414588 /* jeopardyTesterUITests */ = {
			isa = PBXNativeTarget;
			buildConfigurationList = F79F480422ADF05D00414588 /* Build configuration list for PBXNativeTarget "jeopardyTesterUITests" */;
			buildPhases = (
				F79F47F122ADF05D00414588 /* Sources */,
				F79F47F222ADF05D00414588 /* Frameworks */,
				F79F47F322ADF05D00414588 /* Resources */,
			);
			buildRules = (
			);
			dependencies = (
				F79F47F722ADF05D00414588 /* PBXTargetDependency */,
			);
			name = jeopardyTesterUITests;
			productName = jeopardyTesterUITests;
			productReference = F79F47F522ADF05D00414588 /* jeopardyTesterUITests.xctest */;
			productType = "com.apple.product-type.bundle.ui-testing";
		};
/* End PBXNativeTarget section */

/* Begin PBXProject section */
		F79F47CE22ADF05A00414588 /* Project object */ = {
			isa = PBXProject;
			attributes = {
				LastSwiftUpdateCheck = 1000;
				LastUpgradeCheck = 1000;
				ORGANIZATIONNAME = "David Lass";
				TargetAttributes = {
					F79F47D522ADF05A00414588 = {
						CreatedOnToolsVersion = 10.0;
					};
					F79F47E922ADF05D00414588 = {
						CreatedOnToolsVersion = 10.0;
						TestTargetID = F79F47D522ADF05A00414588;
					};
					F79F47F422ADF05D00414588 = {
						CreatedOnToolsVersion = 10.0;
						TestTargetID = F79F47D522ADF05A00414588;
					};
				};
			};
			buildConfigurationList = F79F47D122ADF05A00414588 /* Build configuration list for PBXProject "jeopardyTester" */;
			compatibilityVersion = "Xcode 9.3";
			developmentRegion = en;
			hasScannedForEncodings = 0;
			knownRegions = (
				en,
				Base,
			);
			mainGroup = F79F47CD22ADF05A00414588;
			productRefGroup = F79F47D722ADF05A00414588 /* Products */;
			projectDirPath = "";
			projectRoot = "";
			targets = (
				F79F47D522ADF05A00414588 /* jeopardyTester */,
				F79F47E922ADF05D00414588 /* jeopardyTesterTests */,
				F79F47F422ADF05D00414588 /* jeopardyTesterUITests */,
			);
		};
/* End PBXProject section */

/* Begin PBXResourcesBuildPhase section */
		F79F47D422ADF05A00414588 /* Resources */ = {
			isa = PBXResourcesBuildPhase;
			buildActionMask = 2147483647;
			files = (
				F79F47E422ADF05D00414588 /* LaunchScreen.storyboard in Resources */,
				F79F47E122ADF05D00414588 /* Assets.xcassets in Resources */,
				F79F47DF22ADF05A00414588 /* Main.storyboard in Resources */,
				F79F480822AF45D300414588 /* temp.json in Resources */,
				F7A18D7522B5F26A00803752 /* fullJeopardyHistory.json in Resources */,
			);
			runOnlyForDeploymentPostprocessing = 0;
		};
		F79F47E822ADF05D00414588 /* Resources */ = {
			isa = PBXResourcesBuildPhase;
			buildActionMask = 2147483647;
			files = (
			);
			runOnlyForDeploymentPostprocessing = 0;
		};
		F79F47F322ADF05D00414588 /* Resources */ = {
			isa = PBXResourcesBuildPhase;
			buildActionMask = 2147483647;
			files = (
			);
			runOnlyForDeploymentPostprocessing = 0;
		};
/* End PBXResourcesBuildPhase section */

/* Begin PBXSourcesBuildPhase section */
		F79F47D222ADF05A00414588 /* Sources */ = {
			isa = PBXSourcesBuildPhase;
			buildActionMask = 2147483647;
			files = (
				F79F47DC22ADF05A00414588 /* ViewController.swift in Sources */,
				F79F47DA22ADF05A00414588 /* AppDelegate.swift in Sources */,
			);
			runOnlyForDeploymentPostprocessing = 0;
		};
		F79F47E622ADF05D00414588 /* Sources */ = {
			isa = PBXSourcesBuildPhase;
			buildActionMask = 2147483647;
			files = (
				F79F47EF22ADF05D00414588 /* jeopardyTesterTests.swift in Sources */,
			);
			runOnlyForDeploymentPostprocessing = 0;
		};
		F79F47F122ADF05D00414588 /* Sources */ = {
			isa = PBXSourcesBuildPhase;
			buildActionMask = 2147483647;
			files = (
				F79F47FA22ADF05D00414588 /* jeopardyTesterUITests.swift in Sources */,
			);
			runOnlyForDeploymentPostprocessing = 0;
		};
/* End PBXSourcesBuildPhase section */

/* Begin PBXTargetDependency section */
		F79F47EC22ADF05D00414588 /* PBXTargetDependency */ = {
			isa = PBXTargetDependency;
			target = F79F47D522ADF05A00414588 /* jeopardyTester */;
			targetProxy = F79F47EB22ADF05D00414588 /* PBXContainerItemProxy */;
		};
		F79F47F722ADF05D00414588 /* PBXTargetDependency */ = {
			isa = PBXTargetDependency;
			target = F79F47D522ADF05A00414588 /* jeopardyTester */;
			targetProxy = F79F47F622ADF05D00414588 /* PBXContainerItemProxy */;
		};
/* End PBXTargetDependency section */

/* Begin PBXVariantGroup section */
		F79F47DD22ADF05A00414588 /* Main.storyboard */ = {
			isa = PBXVariantGroup;
			children = (
				F79F47DE22ADF05A00414588 /* Base */,
			);
			name = Main.storyboard;
			sourceTree = "<group>";
		};
		F79F47E222ADF05D00414588 /* LaunchScreen.storyboard */ = {
			isa = PBXVariantGroup;
			children = (
				F79F47E322ADF05D00414588 /* Base */,
			);
			name = LaunchScreen.storyboard;
			sourceTree = "<group>";
		};
/* End PBXVariantGroup section */

/* Begin XCBuildConfiguration section */
		F79F47FC22ADF05D00414588 /* Debug */ = {
			isa = XCBuildConfiguration;
			buildSettings = {
				ALWAYS_SEARCH_USER_PATHS = NO;
				CLANG_ANALYZER_NONNULL = YES;
				CLANG_ANALYZER_NUMBER_OBJECT_CONVERSION = YES_AGGRESSIVE;
				CLANG_CXX_LANGUAGE_STANDARD = "gnu++14";
				CLANG_CXX_LIBRARY = "libc++";
				CLANG_ENABLE_MODULES = YES;
				CLANG_ENABLE_OBJC_ARC = YES;
				CLANG_ENABLE_OBJC_WEAK = YES;
				CLANG_WARN_BLOCK_CAPTURE_AUTORELEASING = YES;
				CLANG_WARN_BOOL_CONVERSION = YES;
				CLANG_WARN_COMMA = YES;
				CLANG_WARN_CONSTANT_CONVERSION = YES;
				CLANG_WARN_DEPRECATED_OBJC_IMPLEMENTATIONS = YES;
				CLANG_WARN_DIRECT_OBJC_ISA_USAGE = YES_ERROR;
				CLANG_WARN_DOCUMENTATION_COMMENTS = YES;
				CLANG_WARN_EMPTY_BODY = YES;
				CLANG_WARN_ENUM_CONVERSION = YES;
				CLANG_WARN_INFINITE_RECURSION = YES;
				CLANG_WARN_INT_CONVERSION = YES;
				CLANG_WARN_NON_LITERAL_NULL_CONVERSION = YES;
				CLANG_WARN_OBJC_IMPLICIT_RETAIN_SELF = YES;
				CLANG_WARN_OBJC_LITERAL_CONVERSION = YES;
				CLANG_WARN_OBJC_ROOT_CLASS = YES_ERROR;
				CLANG_WARN_RANGE_LOOP_ANALYSIS = YES;
				CLANG_WARN_STRICT_PROTOTYPES = YES;
				CLANG_WARN_SUSPICIOUS_MOVE = YES;
				CLANG_WARN_UNGUARDED_AVAILABILITY = YES_AGGRESSIVE;
				CLANG_WARN_UNREACHABLE_CODE = YES;
				CLANG_WARN__DUPLICATE_METHOD_MATCH = YES;
				CODE_SIGN_IDENTITY = "iPhone Developer";
				COPY_PHASE_STRIP = NO;
				DEBUG_INFORMATION_FORMAT = dwarf;
				ENABLE_STRICT_OBJC_MSGSEND = YES;
				ENABLE_TESTABILITY = YES;
				GCC_C_LANGUAGE_STANDARD = gnu11;
				GCC_DYNAMIC_NO_PIC = NO;
				GCC_NO_COMMON_BLOCKS = YES;
				GCC_OPTIMIZATION_LEVEL = 0;
				GCC_PREPROCESSOR_DEFINITIONS = (
					"DEBUG=1",
					"$(inherited)",
				);
				GCC_WARN_64_TO_32_BIT_CONVERSION = YES;
				GCC_WARN_ABOUT_RETURN_TYPE = YES_ERROR;
				GCC_WARN_UNDECLARED_SELECTOR = YES;
				GCC_WARN_UNINITIALIZED_AUTOS = YES_AGGRESSIVE;
				GCC_WARN_UNUSED_FUNCTION = YES;
				GCC_WARN_UNUSED_VARIABLE = YES;
				IPHONEOS_DEPLOYMENT_TARGET = 12.0;
				MTL_ENABLE_DEBUG_INFO = INCLUDE_SOURCE;
				MTL_FAST_MATH = YES;
				ONLY_ACTIVE_ARCH = YES;
				SDKROOT = iphoneos;
				SWIFT_ACTIVE_COMPILATION_CONDITIONS = DEBUG;
				SWIFT_OPTIMIZATION_LEVEL = "-Onone";
			};
			name = Debug;
		};
		F79F47FD22ADF05D00414588 /* Release */ = {
			isa = XCBuildConfiguration;
			buildSettings = {
				ALWAYS_SEARCH_USER_PATHS = NO;
				CLANG_ANALYZER_NONNULL = YES;
				CLANG_ANALYZER_NUMBER_OBJECT_CONVERSION = YES_AGGRESSIVE;
				CLANG_CXX_LANGUAGE_STANDARD = "gnu++14";
				CLANG_CXX_LIBRARY = "libc++";
				CLANG_ENABLE_MODULES = YES;
				CLANG_ENABLE_OBJC_ARC = YES;
				CLANG_ENABLE_OBJC_WEAK = YES;
				CLANG_WARN_BLOCK_CAPTURE_AUTORELEASING = YES;
				CLANG_WARN_BOOL_CONVERSION = YES;
				CLANG_WARN_COMMA = YES;
				CLANG_WARN_CONSTANT_CONVERSION = YES;
				CLANG_WARN_DEPRECATED_OBJC_IMPLEMENTATIONS = YES;
				CLANG_WARN_DIRECT_OBJC_ISA_USAGE = YES_ERROR;
				CLANG_WARN_DOCUMENTATION_COMMENTS = YES;
				CLANG_WARN_EMPTY_BODY = YES;
				CLANG_WARN_ENUM_CONVERSION = YES;
				CLANG_WARN_INFINITE_RECURSION = YES;
				CLANG_WARN_INT_CONVERSION = YES;
				CLANG_WARN_NON_LITERAL_NULL_CONVERSION = YES;
				CLANG_WARN_OBJC_IMPLICIT_RETAIN_SELF = YES;
				CLANG_WARN_OBJC_LITERAL_CONVERSION = YES;
				CLANG_WARN_OBJC_ROOT_CLASS = YES_ERROR;
				CLANG_WARN_RANGE_LOOP_ANALYSIS = YES;
				CLANG_WARN_STRICT_PROTOTYPES = YES;
				CLANG_WARN_SUSPICIOUS_MOVE = YES;
				CLANG_WARN_UNGUARDED_AVAILABILITY = YES_AGGRESSIVE;
				CLANG_WARN_UNREACHABLE_CODE = YES;
				CLANG_WARN__DUPLICATE_METHOD_MATCH = YES;
				CODE_SIGN_IDENTITY = "iPhone Developer";
				COPY_PHASE_STRIP = NO;
				DEBUG_INFORMATION_FORMAT = "dwarf-with-dsym";
				ENABLE_NS_ASSERTIONS = NO;
				ENABLE_STRICT_OBJC_MSGSEND = YES;
				GCC_C_LANGUAGE_STANDARD = gnu11;
				GCC_NO_COMMON_BLOCKS = YES;
				GCC_WARN_64_TO_32_BIT_CONVERSION = YES;
				GCC_WARN_ABOUT_RETURN_TYPE = YES_ERROR;
				GCC_WARN_UNDECLARED_SELECTOR = YES;
				GCC_WARN_UNINITIALIZED_AUTOS = YES_AGGRESSIVE;
				GCC_WARN_UNUSED_FUNCTION = YES;
				GCC_WARN_UNUSED_VARIABLE = YES;
				IPHONEOS_DEPLOYMENT_TARGET = 12.0;
				MTL_ENABLE_DEBUG_INFO = NO;
				MTL_FAST_MATH = YES;
				SDKROOT = iphoneos;
				SWIFT_COMPILATION_MODE = wholemodule;
				SWIFT_OPTIMIZATION_LEVEL = "-O";
				VALIDATE_PRODUCT = YES;
			};
			name = Release;
		};
		F79F47FF22ADF05D00414588 /* Debug */ = {
			isa = XCBuildConfiguration;
			buildSettings = {
				ASSETCATALOG_COMPILER_APPICON_NAME = AppIcon;
				CODE_SIGN_STYLE = Automatic;
				DEVELOPMENT_TEAM = 6C664Q6NRC;
				INFOPLIST_FILE = jeopardyTester/Info.plist;
				LD_RUNPATH_SEARCH_PATHS = (
					"$(inherited)",
					"@executable_path/Frameworks",
				);
				PRODUCT_BUNDLE_IDENTIFIER = rightofthebell.jeopardyTester;
				PRODUCT_NAME = "$(TARGET_NAME)";
				SWIFT_VERSION = 4.2;
				TARGETED_DEVICE_FAMILY = "1,2";
			};
			name = Debug;
		};
		F79F480022ADF05D00414588 /* Release */ = {
			isa = XCBuildConfiguration;
			buildSettings = {
				ASSETCATALOG_COMPILER_APPICON_NAME = AppIcon;
				CODE_SIGN_STYLE = Automatic;
				DEVELOPMENT_TEAM = 6C664Q6NRC;
				INFOPLIST_FILE = jeopardyTester/Info.plist;
				LD_RUNPATH_SEARCH_PATHS = (
					"$(inherited)",
					"@executable_path/Frameworks",
				);
				PRODUCT_BUNDLE_IDENTIFIER = rightofthebell.jeopardyTester;
				PRODUCT_NAME = "$(TARGET_NAME)";
				SWIFT_VERSION = 4.2;
				TARGETED_DEVICE_FAMILY = "1,2";
			};
			name = Release;
		};
		F79F480222ADF05D00414588 /* Debug */ = {
			isa = XCBuildConfiguration;
			buildSettings = {
				ALWAYS_EMBED_SWIFT_STANDARD_LIBRARIES = YES;
				BUNDLE_LOADER = "$(TEST_HOST)";
				CODE_SIGN_STYLE = Automatic;
				DEVELOPMENT_TEAM = 6C664Q6NRC;
				INFOPLIST_FILE = jeopardyTesterTests/Info.plist;
				LD_RUNPATH_SEARCH_PATHS = (
					"$(inherited)",
					"@executable_path/Frameworks",
					"@loader_path/Frameworks",
				);
				PRODUCT_BUNDLE_IDENTIFIER = rightofthebell.jeopardyTesterTests;
				PRODUCT_NAME = "$(TARGET_NAME)";
				SWIFT_VERSION = 4.2;
				TARGETED_DEVICE_FAMILY = "1,2";
				TEST_HOST = "$(BUILT_PRODUCTS_DIR)/jeopardyTester.app/jeopardyTester";
			};
			name = Debug;
		};
		F79F480322ADF05D00414588 /* Release */ = {
			isa = XCBuildConfiguration;
			buildSettings = {
				ALWAYS_EMBED_SWIFT_STANDARD_LIBRARIES = YES;
				BUNDLE_LOADER = "$(TEST_HOST)";
				CODE_SIGN_STYLE = Automatic;
				DEVELOPMENT_TEAM = 6C664Q6NRC;
				INFOPLIST_FILE = jeopardyTesterTests/Info.plist;
				LD_RUNPATH_SEARCH_PATHS = (
					"$(inherited)",
					"@executable_path/Frameworks",
					"@loader_path/Frameworks",
				);
				PRODUCT_BUNDLE_IDENTIFIER = rightofthebell.jeopardyTesterTests;
				PRODUCT_NAME = "$(TARGET_NAME)";
				SWIFT_VERSION = 4.2;
				TARGETED_DEVICE_FAMILY = "1,2";
				TEST_HOST = "$(BUILT_PRODUCTS_DIR)/jeopardyTester.app/jeopardyTester";
			};
			name = Release;
		};
		F79F480522ADF05D00414588 /* Debug */ = {
			isa = XCBuildConfiguration;
			buildSettings = {
				ALWAYS_EMBED_SWIFT_STANDARD_LIBRARIES = YES;
				CODE_SIGN_STYLE = Automatic;
				DEVELOPMENT_TEAM = 6C664Q6NRC;
				INFOPLIST_FILE = jeopardyTesterUITests/Info.plist;
				LD_RUNPATH_SEARCH_PATHS = (
					"$(inherited)",
					"@executable_path/Frameworks",
					"@loader_path/Frameworks",
				);
				PRODUCT_BUNDLE_IDENTIFIER = rightofthebell.jeopardyTesterUITests;
				PRODUCT_NAME = "$(TARGET_NAME)";
				SWIFT_VERSION = 4.2;
				TARGETED_DEVICE_FAMILY = "1,2";
				TEST_TARGET_NAME = jeopardyTester;
			};
			name = Debug;
		};
		F79F480622ADF05D00414588 /* Release */ = {
			isa = XCBuildConfiguration;
			buildSettings = {
				ALWAYS_EMBED_SWIFT_STANDARD_LIBRARIES = YES;
				CODE_SIGN_STYLE = Automatic;
				DEVELOPMENT_TEAM = 6C664Q6NRC;
				INFOPLIST_FILE = jeopardyTesterUITests/Info.plist;
				LD_RUNPATH_SEARCH_PATHS = (
					"$(inherited)",
					"@executable_path/Frameworks",
					"@loader_path/Frameworks",
				);
				PRODUCT_BUNDLE_IDENTIFIER = rightofthebell.jeopardyTesterUITests;
				PRODUCT_NAME = "$(TARGET_NAME)";
				SWIFT_VERSION = 4.2;
				TARGETED_DEVICE_FAMILY = "1,2";
				TEST_TARGET_NAME = jeopardyTester;
			};
			name = Release;
		};
/* End XCBuildConfiguration section */

/* Begin XCConfigurationList section */
		F79F47D122ADF05A00414588 /* Build configuration list for PBXProject "jeopardyTester" */ = {
			isa = XCConfigurationList;
			buildConfigurations = (
				F79F47FC22ADF05D00414588 /* Debug */,
				F79F47FD22ADF05D00414588 /* Release */,
			);
			defaultConfigurationIsVisible = 0;
			defaultConfigurationName = Release;
		};
		F79F47FE22ADF05D00414588 /* Build configuration list for PBXNativeTarget "jeopardyTester" */ = {
			isa = XCConfigurationList;
			buildConfigurations = (
				F79F47FF22ADF05D00414588 /* Debug */,
				F79F480022ADF05D00414588 /* Release */,
			);
			defaultConfigurationIsVisible = 0;
			defaultConfigurationName = Release;
		};
		F79F480122ADF05D00414588 /* Build configuration list for PBXNativeTarget "jeopardyTesterTests" */ = {
			isa = XCConfigurationList;
			buildConfigurations = (
				F79F480222ADF05D00414588 /* Debug */,
				F79F480322ADF05D00414588 /* Release */,
			);
			defaultConfigurationIsVisible = 0;
			defaultConfigurationName = Release;
		};
		F79F480422ADF05D00414588 /* Build configuration list for PBXNativeTarget "jeopardyTesterUITests" */ = {
			isa = XCConfigurationList;
			buildConfigurations = (
				F79F480522ADF05D00414588 /* Debug */,
				F79F480622ADF05D00414588 /* Release */,
			);
			defaultConfigurationIsVisible = 0;
			defaultConfigurationName = Release;
		};
/* End XCConfigurationList section */
	};
	rootObject = F79F47CE22ADF05A00414588 /* Project object */;
}
